{
  "version": 4,
  "terraform_version": "1.9.0",
  "serial": 3,
  "lineage": "8d502e1a-b8d8-c659-d424-23d386b1cb5a",
  "outputs": {},
  "resources": [
    {
      "mode": "managed",
      "type": "github_repository",
      "name": "name",
      "provider": "provider[\"registry.terraform.io/hashicorp/github\"]",
      "instances": [
        {
          "schema_version": 1,
          "attributes": {
            "allow_auto_merge": false,
            "allow_merge_commit": true,
            "allow_rebase_merge": true,
            "allow_squash_merge": true,
            "allow_update_branch": false,
            "archive_on_destroy": null,
            "archived": false,
            "auto_init": null,
            "default_branch": "main",
            "delete_branch_on_merge": false,
            "description": "this repo is created through terraform",
            "etag": "W/\"cd105631b5445d7e322393d6c00703f585a2d66cc9c7bda5e5455a911c9306c1\"",
            "full_name": "sidda-chitti/terragit",
            "git_clone_url": "git://github.com/sidda-chitti/terragit.git",
            "gitignore_template": null,
            "has_discussions": false,
            "has_downloads": false,
            "has_issues": false,
            "has_projects": false,
            "has_wiki": false,
            "homepage_url": "",
            "html_url": "https://github.com/sidda-chitti/terragit",
            "http_clone_url": "https://github.com/sidda-chitti/terragit.git",
            "id": "terragit",
            "ignore_vulnerability_alerts_during_read": null,
            "is_template": false,
            "license_template": null,
            "merge_commit_message": "PR_TITLE",
            "merge_commit_title": "MERGE_MESSAGE",
            "name": "terragit",
            "node_id": "R_kgDOMRInUA",
            "pages": [],
            "primary_language": "",
            "private": false,
            "repo_id": 823273296,
            "security_and_analysis": [
              {
                "advanced_security": [],
                "secret_scanning": [
                  {
                    "status": "enabled"
                  }
                ],
                "secret_scanning_push_protection": [
                  {
                    "status": "enabled"
                  }
                ]
              }
            ],
            "squash_merge_commit_message": "COMMIT_MESSAGES",
            "squash_merge_commit_title": "COMMIT_OR_PR_TITLE",
            "ssh_clone_url": "git@github.com:sidda-chitti/terragit.git",
            "svn_url": "https://github.com/sidda-chitti/terragit",
            "template": [],
            "topics": [],
            "visibility": "public",
            "vulnerability_alerts": false,
            "web_commit_signoff_required": false
          },
          "sensitive_attributes": [],
          "private": "eyJzY2hlbWFfdmVyc2lvbiI6IjEifQ=="
        }
      ]
    }
  ],
  "check_results": null
}
